
Microsoft Visual Studio Solution File, Format Version 12.00
# Visual Studio 15
VisualStudioVersion = 15.0.28307.271
MinimumVisualStudioVersion = 10.0.40219.1
Project("{FAE04EC0-301F-11D3-BF4B-00C04F79EFBC}") = "S2G5-PVFAPP", "S2G5-PVFAPP\S2G5-PVFAPP.csproj", "{46E473C1-70CB-4754-99C0-A99E98FC6B04}"
EndProject
Global
	GlobalSection(SolutionConfigurationPlatforms) = preSolution
		Debug|Any CPU = Debug|Any CPU
		Release|Any CPU = Release|Any CPU
	EndGlobalSection
	GlobalSection(ProjectConfigurationPlatforms) = postSolution
		{46E473C1-70CB-4754-99C0-A99E98FC6B04}.Debug|Any CPU.ActiveCfg = Debug|Any CPU
		{46E473C1-70CB-4754-99C0-A99E98FC6B04}.Debug|Any CPU.Build.0 = Debug|Any CPU
		{46E473C1-70CB-4754-99C0-A99E98FC6B04}.Release|Any CPU.ActiveCfg = Release|Any CPU
		{46E473C1-70CB-4754-99C0-A99E98FC6B04}.Release|Any CPU.Build.0 = Release|Any CPU
	EndGlobalSection
	GlobalSection(SolutionProperties) = preSolution
		HideSolutionNode = FALSE
	EndGlobalSection
	GlobalSection(ExtensibilityGlobals) = postSolution
		SolutionGuid = {EDF1D7D8-8CE4-49CE-A309-3D818B29E13A}
	EndGlobalSection
EndGlobal
